
Microsoft Visual Studio Solution File, Format Version 12.00
# Visual Studio Version 17
VisualStudioVersion = 17.5.33627.172
MinimumVisualStudioVersion = 10.0.40219.1
Project("{9A19103F-16F7-4668-BE54-9A1E7A4F7556}") = "IFootball.WebApi", "src\IFootball.WebApi\IFootball.WebApi.csproj", "{B9FE03B8-4DFA-4B91-B537-08F5ED8CA222}"
EndProject
Project("{9A19103F-16F7-4668-BE54-9A1E7A4F7556}") = "IFootball.Application", "src\IFootball.Application\IFootball.Application.csproj", "{6FF8F7DC-D8D6-4D3D-BE9C-6DB7B04DF763}"
EndProject
Project("{9A19103F-16F7-4668-BE54-9A1E7A4F7556}") = "IFootball.Domain", "src\IFootball.Domain\IFootball.Domain.csproj", "{462CAD14-D97A-46CC-BE5D-22CADD413890}"
EndProject
Project("{9A19103F-16F7-4668-BE54-9A1E7A4F7556}") = "IFootball.Infrastructure", "src\IFootball.Infrastructure\IFootball.Infrastructure.csproj", "{03CE8604-677B-49AD-BB5B-4525F00F04C0}"
EndProject
Project("{2150E333-8FDC-42A3-9474-1A3956D46DE8}") = "0 - Presentation", "0 - Presentation", "{363DE08A-D53B-4906-888C-04997FB5DDA6}"
EndProject
Project("{2150E333-8FDC-42A3-9474-1A3956D46DE8}") = "1 - Application", "1 - Application", "{886A1321-39AA-4362-94DC-17E3DBCE83BD}"
EndProject
Project("{2150E333-8FDC-42A3-9474-1A3956D46DE8}") = "2 - Domain", "2 - Domain", "{C660F665-4BC6-4710-B974-07955F00576F}"
EndProject
Project("{2150E333-8FDC-42A3-9474-1A3956D46DE8}") = "3 - Infrastructure", "3 - Infrastructure", "{222145A3-15A7-41BC-A1BB-1BE6B083772B}"
EndProject
Project("{FAE04EC0-301F-11D3-BF4B-00C04F79EFBC}") = "IFootball.Core", "src\IFootball.Core\IFootball.Core.csproj", "{295E6E13-9897-449E-B5A7-58344428D3F2}"
EndProject
Project("{2150E333-8FDC-42A3-9474-1A3956D46DE8}") = "4 - Core", "4 - Core", "{45C299AC-BD9A-4D00-8FBE-47AC8535356C}"
EndProject
Global
	GlobalSection(SolutionConfigurationPlatforms) = preSolution
		Debug|Any CPU = Debug|Any CPU
		Release|Any CPU = Release|Any CPU
	EndGlobalSection
	GlobalSection(ProjectConfigurationPlatforms) = postSolution
		{B9FE03B8-4DFA-4B91-B537-08F5ED8CA222}.Debug|Any CPU.ActiveCfg = Debug|Any CPU
		{B9FE03B8-4DFA-4B91-B537-08F5ED8CA222}.Debug|Any CPU.Build.0 = Debug|Any CPU
		{B9FE03B8-4DFA-4B91-B537-08F5ED8CA222}.Release|Any CPU.ActiveCfg = Release|Any CPU
		{B9FE03B8-4DFA-4B91-B537-08F5ED8CA222}.Release|Any CPU.Build.0 = Release|Any CPU
		{6FF8F7DC-D8D6-4D3D-BE9C-6DB7B04DF763}.Debug|Any CPU.ActiveCfg = Debug|Any CPU
		{6FF8F7DC-D8D6-4D3D-BE9C-6DB7B04DF763}.Debug|Any CPU.Build.0 = Debug|Any CPU
		{6FF8F7DC-D8D6-4D3D-BE9C-6DB7B04DF763}.Release|Any CPU.ActiveCfg = Release|Any CPU
		{6FF8F7DC-D8D6-4D3D-BE9C-6DB7B04DF763}.Release|Any CPU.Build.0 = Release|Any CPU
		{462CAD14-D97A-46CC-BE5D-22CADD413890}.Debug|Any CPU.ActiveCfg = Debug|Any CPU
		{462CAD14-D97A-46CC-BE5D-22CADD413890}.Debug|Any CPU.Build.0 = Debug|Any CPU
		{462CAD14-D97A-46CC-BE5D-22CADD413890}.Release|Any CPU.ActiveCfg = Release|Any CPU
		{462CAD14-D97A-46CC-BE5D-22CADD413890}.Release|Any CPU.Build.0 = Release|Any CPU
		{03CE8604-677B-49AD-BB5B-4525F00F04C0}.Debug|Any CPU.ActiveCfg = Debug|Any CPU
		{03CE8604-677B-49AD-BB5B-4525F00F04C0}.Debug|Any CPU.Build.0 = Debug|Any CPU
		{03CE8604-677B-49AD-BB5B-4525F00F04C0}.Release|Any CPU.ActiveCfg = Release|Any CPU
		{03CE8604-677B-49AD-BB5B-4525F00F04C0}.Release|Any CPU.Build.0 = Release|Any CPU
		{295E6E13-9897-449E-B5A7-58344428D3F2}.Debug|Any CPU.ActiveCfg = Debug|Any CPU
		{295E6E13-9897-449E-B5A7-58344428D3F2}.Debug|Any CPU.Build.0 = Debug|Any CPU
		{295E6E13-9897-449E-B5A7-58344428D3F2}.Release|Any CPU.ActiveCfg = Release|Any CPU
		{295E6E13-9897-449E-B5A7-58344428D3F2}.Release|Any CPU.Build.0 = Release|Any CPU
	EndGlobalSection
	GlobalSection(SolutionProperties) = preSolution
		HideSolutionNode = FALSE
	EndGlobalSection
	GlobalSection(NestedProjects) = preSolution
		{B9FE03B8-4DFA-4B91-B537-08F5ED8CA222} = {363DE08A-D53B-4906-888C-04997FB5DDA6}
		{6FF8F7DC-D8D6-4D3D-BE9C-6DB7B04DF763} = {886A1321-39AA-4362-94DC-17E3DBCE83BD}
		{462CAD14-D97A-46CC-BE5D-22CADD413890} = {C660F665-4BC6-4710-B974-07955F00576F}
		{03CE8604-677B-49AD-BB5B-4525F00F04C0} = {222145A3-15A7-41BC-A1BB-1BE6B083772B}
		{295E6E13-9897-449E-B5A7-58344428D3F2} = {45C299AC-BD9A-4D00-8FBE-47AC8535356C}
	EndGlobalSection
	GlobalSection(ExtensibilityGlobals) = postSolution
		SolutionGuid = {EEF6799D-11E0-4A11-8FB5-6C8A3797DA17}
	EndGlobalSection
EndGlobal
